{
  "name": "MiddlewareAppV1-master",
  "lockfileVersion": 3,
  "requires": true,
  "packages": {
    "": {
      "devDependencies": {
        "@types/axios": "^0.9.36",
        "@types/material-ui": "^0.21.18",
        "@types/node": "^22.13.11",
        "@types/react": "^19.0.12"
      }
    },
    "node_modules/@types/axios": {
      "version": "0.9.36",
      "resolved": "https://registry.npmjs.org/@types/axios/-/axios-0.9.36.tgz",
      "integrity": "sha512-NLOpedx9o+rxo/X5ChbdiX6mS1atE4WHmEEIcR9NLenRVa5HoVjAvjafwU3FPTqnZEstpoqCaW7fagqSoTDNeg==",
      "dev": true,
      "license": "MIT"
    },
    "node_modules/@types/create-react-class": {
      "version": "15.6.9",
      "resolved": "https://registry.npmjs.org/@types/create-react-class/-/create-react-class-15.6.9.tgz",
      "integrity": "sha512-BfHsUCFeDRRzPMAyXPOcZm1xmet+a4/jcMmYi/6qJD+UdE6CHKg8x+cVhzunrlT4xJX5pevW+uazpuMKi2d2Yw==",
      "dev": true,
      "license": "MIT",
      "dependencies": {
        "@types/react": "*"
      }
    },
    "node_modules/@types/material-ui": {
      "version": "0.21.18",
      "resolved": "https://registry.npmjs.org/@types/material-ui/-/material-ui-0.21.18.tgz",
      "integrity": "sha512-wGyYlCJaznt0C87Xnqae7v3imh57gsomQvzozsHhZKJHH4QG+i0qE4/h6D4igpXEXr4ooscgclg+O2RIKOP84Q==",
      "dev": true,
      "license": "MIT",
      "dependencies": {
        "@types/react": "^18",
        "@types/react-addons-linked-state-mixin": "*"
      }
    },
    "node_modules/@types/material-ui/node_modules/@types/react": {
      "version": "18.3.19",
      "resolved": "https://registry.npmjs.org/@types/react/-/react-18.3.19.tgz",
      "integrity": "sha512-fcdJqaHOMDbiAwJnXv6XCzX0jDW77yI3tJqYh1Byn8EL5/S628WRx9b/y3DnNe55zTukUQKrfYxiZls2dHcUMw==",
      "dev": true,
      "license": "MIT",
      "dependencies": {
        "@types/prop-types": "*",
        "csstype": "^3.0.2"
      }
    },
    "node_modules/@types/node": {
      "version": "22.13.11",
      "resolved": "https://registry.npmjs.org/@types/node/-/node-22.13.11.tgz",
      "integrity": "sha512-iEUCUJoU0i3VnrCmgoWCXttklWcvoCIx4jzcP22fioIVSdTmjgoEvmAO/QPw6TcS9k5FrNgn4w7q5lGOd1CT5g==",
      "dev": true,
      "license": "MIT",
      "dependencies": {
        "undici-types": "~6.20.0"
      }
    },
    "node_modules/@types/prop-types": {
      "version": "15.7.14",
      "resolved": "https://registry.npmjs.org/@types/prop-types/-/prop-types-15.7.14.tgz",
      "integrity": "sha512-gNMvNH49DJ7OJYv+KAKn0Xp45p8PLl6zo2YnvDIbTd4J6MER2BmWN49TG7n9LvkyihINxeKW8+3bfS2yDC9dzQ==",
      "dev": true,
      "license": "MIT"
    },
    "node_modules/@types/react": {
      "version": "19.0.12",
      "resolved": "https://registry.npmjs.org/@types/react/-/react-19.0.12.tgz",
      "integrity": "sha512-V6Ar115dBDrjbtXSrS+/Oruobc+qVbbUxDFC1RSbRqLt5SYvxxyIDrSC85RWml54g+jfNeEMZhEj7wW07ONQhA==",
      "dev": true,
      "license": "MIT",
      "dependencies": {
        "csstype": "^3.0.2"
      }
    },
    "node_modules/@types/react-addons-linked-state-mixin": {
      "version": "0.14.27",
      "resolved": "https://registry.npmjs.org/@types/react-addons-linked-state-mixin/-/react-addons-linked-state-mixin-0.14.27.tgz",
      "integrity": "sha512-yVxzQcKDiq32uziGQ/ka586qSFxz2ePYZ3dTCp4JHJKk/E6M0LP0R28ft3oFAnTGJRFBAB3if3pkP8w57Y04IA==",
      "dev": true,
      "license": "MIT",
      "dependencies": {
        "@types/create-react-class": "*",
        "@types/react": "*"
      }
    },
    "node_modules/csstype": {
      "version": "3.1.3",
      "resolved": "https://registry.npmjs.org/csstype/-/csstype-3.1.3.tgz",
      "integrity": "sha512-M1uQkMl8rQK/szD0LNhtqxIPLpimGm8sOBwU7lLnCpSbTyY3yeU1Vc7l4KT5zT4s/yOxHH5O7tIuuLOCnLADRw==",
      "dev": true,
      "license": "MIT"
    },
    "node_modules/undici-types": {
      "version": "6.20.0",
      "resolved": "https://registry.npmjs.org/undici-types/-/undici-types-6.20.0.tgz",
      "integrity": "sha512-Ny6QZ2Nju20vw1SRHe3d9jVu6gJ+4e3+MMpqu7pqE5HT6WsTSlce++GQmK5UXS8mzV8DSYHrQH+Xrf2jVcuKNg==",
      "dev": true,
      "license": "MIT"
    }
  }
}
